
Microsoft Visual Studio Solution File, Format Version 12.00
# Visual Studio Version 17
VisualStudioVersion = 17.9.34723.18
MinimumVisualStudioVersion = 10.0.40219.1
Project("{FAE04EC0-301F-11D3-BF4B-00C04F79EFBC}") = "DMD_DB", "DMD_DB\DMD_DB.csproj", "{26B445F9-2971-44B6-953A-8B9BF8205408}"
EndProject
Project("{FAE04EC0-301F-11D3-BF4B-00C04F79EFBC}") = "DMD_Frame", "DMD_Frame\DMD_Frame.csproj", "{A169F312-D665-4361-9A74-EDD9D2E807F8}"
EndProject
Project("{FAE04EC0-301F-11D3-BF4B-00C04F79EFBC}") = "TaskCMFT", "TaskCMFT\TaskCMFT.csproj", "{242547E6-FB8A-4BB4-84B9-0025079B0817}"
EndProject
Project("{FAE04EC0-301F-11D3-BF4B-00C04F79EFBC}") = "TaskDCU", "TaskDCU\TaskDCU.csproj", "{3E33F2DB-9C89-45A2-A1B1-7DDDA8BAC998}"
EndProject
Project("{FAE04EC0-301F-11D3-BF4B-00C04F79EFBC}") = "TaskKernel", "TaskKernel\TaskKernel.csproj", "{6E4E7F84-25C7-4311-B7E0-6891FE27E891}"
EndProject
Project("{FAE04EC0-301F-11D3-BF4B-00C04F79EFBC}") = "TaskMain", "TaskMain\TaskMain.csproj", "{CA18E8BB-8A7D-41BB-96C4-70A98B4B5175}"
EndProject
Project("{FAE04EC0-301F-11D3-BF4B-00C04F79EFBC}") = "TaskOCS", "TaskOCS\TaskOCS.csproj", "{0ACE28BF-EA1C-4E6A-9B29-78AEFBCBB2D9}"
EndProject
Project("{FAE04EC0-301F-11D3-BF4B-00C04F79EFBC}") = "CMFT_Frame", "CMFT_Frame\CMFT_Frame.csproj", "{CD4F4FF4-9D65-45DC-B75D-CE961DC1A1A0}"
EndProject
Project("{FAE04EC0-301F-11D3-BF4B-00C04F79EFBC}") = "KernelService", "KernelService\KernelService.csproj", "{43467E49-C6F2-4FCE-936A-61442408B876}"
EndProject
Project("{FAE04EC0-301F-11D3-BF4B-00C04F79EFBC}") = "ASILib", "ASILib\ASILib.csproj", "{5B6FC193-A36D-409E-8E9B-2C45FE574189}"
EndProject
Project("{2150E333-8FDC-42A3-9474-1A3956D46DE8}") = "DB", "DB", "{9A6DFC84-F3F1-40D2-A678-A8DDC0A7A0C9}"
EndProject
Project("{2150E333-8FDC-42A3-9474-1A3956D46DE8}") = "Frame", "Frame", "{9C9A6F04-228E-4311-8DB8-EC0FFED0E4FB}"
EndProject
Project("{2150E333-8FDC-42A3-9474-1A3956D46DE8}") = "Task", "Task", "{E8C2EBE5-2411-453D-B203-BA8563FE2950}"
EndProject
Project("{2150E333-8FDC-42A3-9474-1A3956D46DE8}") = "Server", "Server", "{309B3725-DB3F-4BEC-9182-ED6B33DF0B5D}"
EndProject
Project("{FAE04EC0-301F-11D3-BF4B-00C04F79EFBC}") = "CMFT_DB", "CMFT_DB\CMFT_DB.csproj", "{76CA49BF-C3A1-43D9-B996-3272CE9AB1AD}"
EndProject
Project("{2150E333-8FDC-42A3-9474-1A3956D46DE8}") = "UITest", "UITest", "{CCA2552A-4178-470C-B6D0-82A4F151C535}"
EndProject
Project("{FAE04EC0-301F-11D3-BF4B-00C04F79EFBC}") = "UITest", "UITest\UITest.csproj", "{EE6B92E0-239D-4455-9F72-0B174D3DFCDB}"
EndProject
Project("{FAE04EC0-301F-11D3-BF4B-00C04F79EFBC}") = "DCU_DB", "DCU_DB\DCU_DB.csproj", "{A6951F86-D11C-427E-B294-F3D4D34DFFB3}"
EndProject
Global
	GlobalSection(SolutionConfigurationPlatforms) = preSolution
		Debug|Any CPU = Debug|Any CPU
		Release|Any CPU = Release|Any CPU
	EndGlobalSection
	GlobalSection(ProjectConfigurationPlatforms) = postSolution
		{26B445F9-2971-44B6-953A-8B9BF8205408}.Debug|Any CPU.ActiveCfg = Debug|Any CPU
		{26B445F9-2971-44B6-953A-8B9BF8205408}.Debug|Any CPU.Build.0 = Debug|Any CPU
		{26B445F9-2971-44B6-953A-8B9BF8205408}.Release|Any CPU.ActiveCfg = Release|Any CPU
		{26B445F9-2971-44B6-953A-8B9BF8205408}.Release|Any CPU.Build.0 = Release|Any CPU
		{A169F312-D665-4361-9A74-EDD9D2E807F8}.Debug|Any CPU.ActiveCfg = Debug|Any CPU
		{A169F312-D665-4361-9A74-EDD9D2E807F8}.Debug|Any CPU.Build.0 = Debug|Any CPU
		{A169F312-D665-4361-9A74-EDD9D2E807F8}.Release|Any CPU.ActiveCfg = Release|Any CPU
		{A169F312-D665-4361-9A74-EDD9D2E807F8}.Release|Any CPU.Build.0 = Release|Any CPU
		{242547E6-FB8A-4BB4-84B9-0025079B0817}.Debug|Any CPU.ActiveCfg = Debug|Any CPU
		{242547E6-FB8A-4BB4-84B9-0025079B0817}.Debug|Any CPU.Build.0 = Debug|Any CPU
		{242547E6-FB8A-4BB4-84B9-0025079B0817}.Release|Any CPU.ActiveCfg = Release|Any CPU
		{242547E6-FB8A-4BB4-84B9-0025079B0817}.Release|Any CPU.Build.0 = Release|Any CPU
		{3E33F2DB-9C89-45A2-A1B1-7DDDA8BAC998}.Debug|Any CPU.ActiveCfg = Debug|Any CPU
		{3E33F2DB-9C89-45A2-A1B1-7DDDA8BAC998}.Debug|Any CPU.Build.0 = Debug|Any CPU
		{3E33F2DB-9C89-45A2-A1B1-7DDDA8BAC998}.Release|Any CPU.ActiveCfg = Release|Any CPU
		{3E33F2DB-9C89-45A2-A1B1-7DDDA8BAC998}.Release|Any CPU.Build.0 = Release|Any CPU
		{6E4E7F84-25C7-4311-B7E0-6891FE27E891}.Debug|Any CPU.ActiveCfg = Debug|Any CPU
		{6E4E7F84-25C7-4311-B7E0-6891FE27E891}.Debug|Any CPU.Build.0 = Debug|Any CPU
		{6E4E7F84-25C7-4311-B7E0-6891FE27E891}.Release|Any CPU.ActiveCfg = Release|Any CPU
		{6E4E7F84-25C7-4311-B7E0-6891FE27E891}.Release|Any CPU.Build.0 = Release|Any CPU
		{CA18E8BB-8A7D-41BB-96C4-70A98B4B5175}.Debug|Any CPU.ActiveCfg = Debug|Any CPU
		{CA18E8BB-8A7D-41BB-96C4-70A98B4B5175}.Debug|Any CPU.Build.0 = Debug|Any CPU
		{CA18E8BB-8A7D-41BB-96C4-70A98B4B5175}.Release|Any CPU.ActiveCfg = Release|Any CPU
		{CA18E8BB-8A7D-41BB-96C4-70A98B4B5175}.Release|Any CPU.Build.0 = Release|Any CPU
		{0ACE28BF-EA1C-4E6A-9B29-78AEFBCBB2D9}.Debug|Any CPU.ActiveCfg = Debug|Any CPU
		{0ACE28BF-EA1C-4E6A-9B29-78AEFBCBB2D9}.Debug|Any CPU.Build.0 = Debug|Any CPU
		{0ACE28BF-EA1C-4E6A-9B29-78AEFBCBB2D9}.Release|Any CPU.ActiveCfg = Release|Any CPU
		{0ACE28BF-EA1C-4E6A-9B29-78AEFBCBB2D9}.Release|Any CPU.Build.0 = Release|Any CPU
		{CD4F4FF4-9D65-45DC-B75D-CE961DC1A1A0}.Debug|Any CPU.ActiveCfg = Debug|Any CPU
		{CD4F4FF4-9D65-45DC-B75D-CE961DC1A1A0}.Debug|Any CPU.Build.0 = Debug|Any CPU
		{CD4F4FF4-9D65-45DC-B75D-CE961DC1A1A0}.Release|Any CPU.ActiveCfg = Release|Any CPU
		{CD4F4FF4-9D65-45DC-B75D-CE961DC1A1A0}.Release|Any CPU.Build.0 = Release|Any CPU
		{43467E49-C6F2-4FCE-936A-61442408B876}.Debug|Any CPU.ActiveCfg = Debug|Any CPU
		{43467E49-C6F2-4FCE-936A-61442408B876}.Debug|Any CPU.Build.0 = Debug|Any CPU
		{43467E49-C6F2-4FCE-936A-61442408B876}.Release|Any CPU.ActiveCfg = Release|Any CPU
		{43467E49-C6F2-4FCE-936A-61442408B876}.Release|Any CPU.Build.0 = Release|Any CPU
		{5B6FC193-A36D-409E-8E9B-2C45FE574189}.Debug|Any CPU.ActiveCfg = Debug|Any CPU
		{5B6FC193-A36D-409E-8E9B-2C45FE574189}.Debug|Any CPU.Build.0 = Debug|Any CPU
		{5B6FC193-A36D-409E-8E9B-2C45FE574189}.Release|Any CPU.ActiveCfg = Release|Any CPU
		{5B6FC193-A36D-409E-8E9B-2C45FE574189}.Release|Any CPU.Build.0 = Release|Any CPU
		{76CA49BF-C3A1-43D9-B996-3272CE9AB1AD}.Debug|Any CPU.ActiveCfg = Debug|Any CPU
		{76CA49BF-C3A1-43D9-B996-3272CE9AB1AD}.Debug|Any CPU.Build.0 = Debug|Any CPU
		{76CA49BF-C3A1-43D9-B996-3272CE9AB1AD}.Release|Any CPU.ActiveCfg = Release|Any CPU
		{76CA49BF-C3A1-43D9-B996-3272CE9AB1AD}.Release|Any CPU.Build.0 = Release|Any CPU
		{EE6B92E0-239D-4455-9F72-0B174D3DFCDB}.Debug|Any CPU.ActiveCfg = Debug|Any CPU
		{EE6B92E0-239D-4455-9F72-0B174D3DFCDB}.Debug|Any CPU.Build.0 = Debug|Any CPU
		{EE6B92E0-239D-4455-9F72-0B174D3DFCDB}.Release|Any CPU.ActiveCfg = Release|Any CPU
		{EE6B92E0-239D-4455-9F72-0B174D3DFCDB}.Release|Any CPU.Build.0 = Release|Any CPU
		{A6951F86-D11C-427E-B294-F3D4D34DFFB3}.Debug|Any CPU.ActiveCfg = Debug|Any CPU
		{A6951F86-D11C-427E-B294-F3D4D34DFFB3}.Debug|Any CPU.Build.0 = Debug|Any CPU
		{A6951F86-D11C-427E-B294-F3D4D34DFFB3}.Release|Any CPU.ActiveCfg = Release|Any CPU
		{A6951F86-D11C-427E-B294-F3D4D34DFFB3}.Release|Any CPU.Build.0 = Release|Any CPU
	EndGlobalSection
	GlobalSection(SolutionProperties) = preSolution
		HideSolutionNode = FALSE
	EndGlobalSection
	GlobalSection(NestedProjects) = preSolution
		{26B445F9-2971-44B6-953A-8B9BF8205408} = {9A6DFC84-F3F1-40D2-A678-A8DDC0A7A0C9}
		{A169F312-D665-4361-9A74-EDD9D2E807F8} = {9C9A6F04-228E-4311-8DB8-EC0FFED0E4FB}
		{242547E6-FB8A-4BB4-84B9-0025079B0817} = {E8C2EBE5-2411-453D-B203-BA8563FE2950}
		{3E33F2DB-9C89-45A2-A1B1-7DDDA8BAC998} = {E8C2EBE5-2411-453D-B203-BA8563FE2950}
		{6E4E7F84-25C7-4311-B7E0-6891FE27E891} = {309B3725-DB3F-4BEC-9182-ED6B33DF0B5D}
		{CA18E8BB-8A7D-41BB-96C4-70A98B4B5175} = {309B3725-DB3F-4BEC-9182-ED6B33DF0B5D}
		{0ACE28BF-EA1C-4E6A-9B29-78AEFBCBB2D9} = {E8C2EBE5-2411-453D-B203-BA8563FE2950}
		{CD4F4FF4-9D65-45DC-B75D-CE961DC1A1A0} = {9C9A6F04-228E-4311-8DB8-EC0FFED0E4FB}
		{43467E49-C6F2-4FCE-936A-61442408B876} = {309B3725-DB3F-4BEC-9182-ED6B33DF0B5D}
		{5B6FC193-A36D-409E-8E9B-2C45FE574189} = {309B3725-DB3F-4BEC-9182-ED6B33DF0B5D}
		{76CA49BF-C3A1-43D9-B996-3272CE9AB1AD} = {9A6DFC84-F3F1-40D2-A678-A8DDC0A7A0C9}
		{EE6B92E0-239D-4455-9F72-0B174D3DFCDB} = {CCA2552A-4178-470C-B6D0-82A4F151C535}
		{A6951F86-D11C-427E-B294-F3D4D34DFFB3} = {9A6DFC84-F3F1-40D2-A678-A8DDC0A7A0C9}
	EndGlobalSection
	GlobalSection(ExtensibilityGlobals) = postSolution
		SolutionGuid = {7108E2D4-BC61-41E2-9AA1-C4CE5505A55A}
	EndGlobalSection
EndGlobal
